[root]
name = "partners"
version = "0.0.1"
dependencies = [
 "docopt 0.6.32 (registry+https://github.com/rust-lang/crates.io-index)",
 "standard_error 0.0.1 (git+https://github.com/jnicklas/standard_error.git)",
]

[[package]]
name = "docopt"
version = "0.6.32"
source = "registry+https://github.com/rust-lang/crates.io-index"
dependencies = [
 "regex 0.1.11 (registry+https://github.com/rust-lang/crates.io-index)",
 "rustc-serialize 0.2.10 (registry+https://github.com/rust-lang/crates.io-index)",
]

[[package]]
name = "regex"
version = "0.1.11"
source = "registry+https://github.com/rust-lang/crates.io-index"

[[package]]
name = "rustc-serialize"
version = "0.2.10"
source = "registry+https://github.com/rust-lang/crates.io-index"

[[package]]
name = "standard_error"
version = "0.0.1"
source = "git+https://github.com/jnicklas/standard_error.git#6d42c4b061586730d265f36f78fc6cc8f578fef0"

