[root]
name = "partners"
version = "0.0.1"
dependencies = [
 "docopt 0.6.39 (registry+https://github.com/rust-lang/crates.io-index)",
 "standard_error 0.0.1 (git+https://github.com/jnicklas/standard_error.git)",
]

[[package]]
name = "docopt"
version = "0.6.39"
source = "registry+https://github.com/rust-lang/crates.io-index"
dependencies = [
 "regex 0.1.15 (registry+https://github.com/rust-lang/crates.io-index)",
 "rustc-serialize 0.3.0 (registry+https://github.com/rust-lang/crates.io-index)",
]

[[package]]
name = "regex"
version = "0.1.15"
source = "registry+https://github.com/rust-lang/crates.io-index"

[[package]]
name = "rustc-serialize"
version = "0.3.0"
source = "registry+https://github.com/rust-lang/crates.io-index"

[[package]]
name = "standard_error"
version = "0.0.1"
source = "git+https://github.com/jnicklas/standard_error.git#287888b96ac1ba9fad015d0d9ab26632ce3c1370"

